
Microsoft Visual Studio Solution File, Format Version 12.00
# Visual Studio Version 17
VisualStudioVersion = 17.0.31919.166
MinimumVisualStudioVersion = 15.0.26124.0
Project("{9A19103F-16F7-4668-BE54-9A1E7A4F7556}") = "traderesources", "traderesources\traderesources.csproj", "{20126265-6014-4418-BD1C-1B0DD506204E}"
EndProject
Project("{9A19103F-16F7-4668-BE54-9A1E7A4F7556}") = "TradeResourcesPlugin", "TradeResourcesPlugin\TradeResourcesPlugin.csproj", "{54030C88-F8E8-4E43-AE76-3879AB5E5EA9}"
EndProject
Project("{2150E333-8FDC-42A3-9474-1A3956D46DE8}") = "Jobs", "Jobs", "{8C2001BC-BCBD-432C-8B9A-C15246C78D99}"
EndProject
Project("{9A19103F-16F7-4668-BE54-9A1E7A4F7556}") = "LandTradesToAuction", "Jobs\LandTradesToAuction\LandTradesToAuction.csproj", "{AB60D78E-35EA-4B04-A098-0512DA9B6FEB}"
EndProject
Project("{9A19103F-16F7-4668-BE54-9A1E7A4F7556}") = "HuntingTradesToAuction", "Jobs\HuntingTradesToAuction\HuntingTradesToAuction.csproj", "{D49B015B-AEB2-46EE-AC3D-FF3308BD776B}"
EndProject
Project("{9A19103F-16F7-4668-BE54-9A1E7A4F7556}") = "FishingTradesToAuction", "Jobs\FishingTradesToAuction\FishingTradesToAuction.csproj", "{3498DADF-EC81-4818-8301-FCB65D9DC2A1}"
EndProject
Project("{2150E333-8FDC-42A3-9474-1A3956D46DE8}") = "Api", "Api", "{B6D3298C-65C1-44C9-9CC3-630EBEB5CABC}"
EndProject
Project("{9A19103F-16F7-4668-BE54-9A1E7A4F7556}") = "TraderesourcesApi", "Api\TraderesourcesApi\TraderesourcesApi.csproj", "{301D7C6B-B9A7-4F43-9ECA-330E6EE9E152}"
EndProject
Project("{9A19103F-16F7-4668-BE54-9A1E7A4F7556}") = "TraderesourcesApi.Client", "Api\TraderesourcesApi.Client\TraderesourcesApi.Client.csproj", "{2FAA858F-C87B-44BA-A074-0028E2F75C82}"
EndProject
Project("{9A19103F-16F7-4668-BE54-9A1E7A4F7556}") = "PaymentsToBudget", "Jobs\PaymentsToBudget\PaymentsToBudget.csproj", "{A6C7B93E-4C00-4CFB-8D81-106667689DB6}"
EndProject
Project("{9A19103F-16F7-4668-BE54-9A1E7A4F7556}") = "HydrocarbonTradesToAuction", "Jobs\HydrocarbonTradesToAuction\HydrocarbonTradesToAuction.csproj", "{0C39801C-141A-40FF-ABFC-08D50AB44296}"
EndProject
Project("{2150E333-8FDC-42A3-9474-1A3956D46DE8}") = "Sources", "Sources", "{CBBCC109-C8C3-4EC6-98A6-7BA3C250D55B}"
EndProject
Project("{9A19103F-16F7-4668-BE54-9A1E7A4F7556}") = "ForestTradesToAuction", "Jobs\ForestTradesToAuction\ForestTradesToAuction.csproj", "{550284E9-E05D-44CE-B9D8-7F71980A7416}"
EndProject
Global
	GlobalSection(SolutionConfigurationPlatforms) = preSolution
		Debug|Any CPU = Debug|Any CPU
		Debug|x64 = Debug|x64
		Debug|x86 = Debug|x86
		Release|Any CPU = Release|Any CPU
		Release|x64 = Release|x64
		Release|x86 = Release|x86
	EndGlobalSection
	GlobalSection(ProjectConfigurationPlatforms) = postSolution
		{20126265-6014-4418-BD1C-1B0DD506204E}.Debug|Any CPU.ActiveCfg = Debug|Any CPU
		{20126265-6014-4418-BD1C-1B0DD506204E}.Debug|Any CPU.Build.0 = Debug|Any CPU
		{20126265-6014-4418-BD1C-1B0DD506204E}.Debug|x64.ActiveCfg = Debug|Any CPU
		{20126265-6014-4418-BD1C-1B0DD506204E}.Debug|x64.Build.0 = Debug|Any CPU
		{20126265-6014-4418-BD1C-1B0DD506204E}.Debug|x86.ActiveCfg = Debug|Any CPU
		{20126265-6014-4418-BD1C-1B0DD506204E}.Debug|x86.Build.0 = Debug|Any CPU
		{20126265-6014-4418-BD1C-1B0DD506204E}.Release|Any CPU.ActiveCfg = Release|Any CPU
		{20126265-6014-4418-BD1C-1B0DD506204E}.Release|Any CPU.Build.0 = Release|Any CPU
		{20126265-6014-4418-BD1C-1B0DD506204E}.Release|x64.ActiveCfg = Release|Any CPU
		{20126265-6014-4418-BD1C-1B0DD506204E}.Release|x64.Build.0 = Release|Any CPU
		{20126265-6014-4418-BD1C-1B0DD506204E}.Release|x86.ActiveCfg = Release|Any CPU
		{20126265-6014-4418-BD1C-1B0DD506204E}.Release|x86.Build.0 = Release|Any CPU
		{54030C88-F8E8-4E43-AE76-3879AB5E5EA9}.Debug|Any CPU.ActiveCfg = Debug|Any CPU
		{54030C88-F8E8-4E43-AE76-3879AB5E5EA9}.Debug|Any CPU.Build.0 = Debug|Any CPU
		{54030C88-F8E8-4E43-AE76-3879AB5E5EA9}.Debug|x64.ActiveCfg = Debug|Any CPU
		{54030C88-F8E8-4E43-AE76-3879AB5E5EA9}.Debug|x64.Build.0 = Debug|Any CPU
		{54030C88-F8E8-4E43-AE76-3879AB5E5EA9}.Debug|x86.ActiveCfg = Debug|Any CPU
		{54030C88-F8E8-4E43-AE76-3879AB5E5EA9}.Debug|x86.Build.0 = Debug|Any CPU
		{54030C88-F8E8-4E43-AE76-3879AB5E5EA9}.Release|Any CPU.ActiveCfg = Release|Any CPU
		{54030C88-F8E8-4E43-AE76-3879AB5E5EA9}.Release|Any CPU.Build.0 = Release|Any CPU
		{54030C88-F8E8-4E43-AE76-3879AB5E5EA9}.Release|x64.ActiveCfg = Release|Any CPU
		{54030C88-F8E8-4E43-AE76-3879AB5E5EA9}.Release|x64.Build.0 = Release|Any CPU
		{54030C88-F8E8-4E43-AE76-3879AB5E5EA9}.Release|x86.ActiveCfg = Release|Any CPU
		{54030C88-F8E8-4E43-AE76-3879AB5E5EA9}.Release|x86.Build.0 = Release|Any CPU
		{AB60D78E-35EA-4B04-A098-0512DA9B6FEB}.Debug|Any CPU.ActiveCfg = Debug|Any CPU
		{AB60D78E-35EA-4B04-A098-0512DA9B6FEB}.Debug|Any CPU.Build.0 = Debug|Any CPU
		{AB60D78E-35EA-4B04-A098-0512DA9B6FEB}.Debug|x64.ActiveCfg = Debug|Any CPU
		{AB60D78E-35EA-4B04-A098-0512DA9B6FEB}.Debug|x64.Build.0 = Debug|Any CPU
		{AB60D78E-35EA-4B04-A098-0512DA9B6FEB}.Debug|x86.ActiveCfg = Debug|Any CPU
		{AB60D78E-35EA-4B04-A098-0512DA9B6FEB}.Debug|x86.Build.0 = Debug|Any CPU
		{AB60D78E-35EA-4B04-A098-0512DA9B6FEB}.Release|Any CPU.ActiveCfg = Release|Any CPU
		{AB60D78E-35EA-4B04-A098-0512DA9B6FEB}.Release|Any CPU.Build.0 = Release|Any CPU
		{AB60D78E-35EA-4B04-A098-0512DA9B6FEB}.Release|x64.ActiveCfg = Release|Any CPU
		{AB60D78E-35EA-4B04-A098-0512DA9B6FEB}.Release|x64.Build.0 = Release|Any CPU
		{AB60D78E-35EA-4B04-A098-0512DA9B6FEB}.Release|x86.ActiveCfg = Release|Any CPU
		{AB60D78E-35EA-4B04-A098-0512DA9B6FEB}.Release|x86.Build.0 = Release|Any CPU
		{D49B015B-AEB2-46EE-AC3D-FF3308BD776B}.Debug|Any CPU.ActiveCfg = Debug|Any CPU
		{D49B015B-AEB2-46EE-AC3D-FF3308BD776B}.Debug|Any CPU.Build.0 = Debug|Any CPU
		{D49B015B-AEB2-46EE-AC3D-FF3308BD776B}.Debug|x64.ActiveCfg = Debug|Any CPU
		{D49B015B-AEB2-46EE-AC3D-FF3308BD776B}.Debug|x64.Build.0 = Debug|Any CPU
		{D49B015B-AEB2-46EE-AC3D-FF3308BD776B}.Debug|x86.ActiveCfg = Debug|Any CPU
		{D49B015B-AEB2-46EE-AC3D-FF3308BD776B}.Debug|x86.Build.0 = Debug|Any CPU
		{D49B015B-AEB2-46EE-AC3D-FF3308BD776B}.Release|Any CPU.ActiveCfg = Release|Any CPU
		{D49B015B-AEB2-46EE-AC3D-FF3308BD776B}.Release|Any CPU.Build.0 = Release|Any CPU
		{D49B015B-AEB2-46EE-AC3D-FF3308BD776B}.Release|x64.ActiveCfg = Release|Any CPU
		{D49B015B-AEB2-46EE-AC3D-FF3308BD776B}.Release|x64.Build.0 = Release|Any CPU
		{D49B015B-AEB2-46EE-AC3D-FF3308BD776B}.Release|x86.ActiveCfg = Release|Any CPU
		{D49B015B-AEB2-46EE-AC3D-FF3308BD776B}.Release|x86.Build.0 = Release|Any CPU
		{3498DADF-EC81-4818-8301-FCB65D9DC2A1}.Debug|Any CPU.ActiveCfg = Debug|Any CPU
		{3498DADF-EC81-4818-8301-FCB65D9DC2A1}.Debug|Any CPU.Build.0 = Debug|Any CPU
		{3498DADF-EC81-4818-8301-FCB65D9DC2A1}.Debug|x64.ActiveCfg = Debug|Any CPU
		{3498DADF-EC81-4818-8301-FCB65D9DC2A1}.Debug|x64.Build.0 = Debug|Any CPU
		{3498DADF-EC81-4818-8301-FCB65D9DC2A1}.Debug|x86.ActiveCfg = Debug|Any CPU
		{3498DADF-EC81-4818-8301-FCB65D9DC2A1}.Debug|x86.Build.0 = Debug|Any CPU
		{3498DADF-EC81-4818-8301-FCB65D9DC2A1}.Release|Any CPU.ActiveCfg = Release|Any CPU
		{3498DADF-EC81-4818-8301-FCB65D9DC2A1}.Release|Any CPU.Build.0 = Release|Any CPU
		{3498DADF-EC81-4818-8301-FCB65D9DC2A1}.Release|x64.ActiveCfg = Release|Any CPU
		{3498DADF-EC81-4818-8301-FCB65D9DC2A1}.Release|x64.Build.0 = Release|Any CPU
		{3498DADF-EC81-4818-8301-FCB65D9DC2A1}.Release|x86.ActiveCfg = Release|Any CPU
		{3498DADF-EC81-4818-8301-FCB65D9DC2A1}.Release|x86.Build.0 = Release|Any CPU
		{301D7C6B-B9A7-4F43-9ECA-330E6EE9E152}.Debug|Any CPU.ActiveCfg = Debug|Any CPU
		{301D7C6B-B9A7-4F43-9ECA-330E6EE9E152}.Debug|Any CPU.Build.0 = Debug|Any CPU
		{301D7C6B-B9A7-4F43-9ECA-330E6EE9E152}.Debug|x64.ActiveCfg = Debug|Any CPU
		{301D7C6B-B9A7-4F43-9ECA-330E6EE9E152}.Debug|x64.Build.0 = Debug|Any CPU
		{301D7C6B-B9A7-4F43-9ECA-330E6EE9E152}.Debug|x86.ActiveCfg = Debug|Any CPU
		{301D7C6B-B9A7-4F43-9ECA-330E6EE9E152}.Debug|x86.Build.0 = Debug|Any CPU
		{301D7C6B-B9A7-4F43-9ECA-330E6EE9E152}.Release|Any CPU.ActiveCfg = Release|Any CPU
		{301D7C6B-B9A7-4F43-9ECA-330E6EE9E152}.Release|Any CPU.Build.0 = Release|Any CPU
		{301D7C6B-B9A7-4F43-9ECA-330E6EE9E152}.Release|x64.ActiveCfg = Release|Any CPU
		{301D7C6B-B9A7-4F43-9ECA-330E6EE9E152}.Release|x64.Build.0 = Release|Any CPU
		{301D7C6B-B9A7-4F43-9ECA-330E6EE9E152}.Release|x86.ActiveCfg = Release|Any CPU
		{301D7C6B-B9A7-4F43-9ECA-330E6EE9E152}.Release|x86.Build.0 = Release|Any CPU
		{2FAA858F-C87B-44BA-A074-0028E2F75C82}.Debug|Any CPU.ActiveCfg = Debug|Any CPU
		{2FAA858F-C87B-44BA-A074-0028E2F75C82}.Debug|Any CPU.Build.0 = Debug|Any CPU
		{2FAA858F-C87B-44BA-A074-0028E2F75C82}.Debug|x64.ActiveCfg = Debug|Any CPU
		{2FAA858F-C87B-44BA-A074-0028E2F75C82}.Debug|x64.Build.0 = Debug|Any CPU
		{2FAA858F-C87B-44BA-A074-0028E2F75C82}.Debug|x86.ActiveCfg = Debug|Any CPU
		{2FAA858F-C87B-44BA-A074-0028E2F75C82}.Debug|x86.Build.0 = Debug|Any CPU
		{2FAA858F-C87B-44BA-A074-0028E2F75C82}.Release|Any CPU.ActiveCfg = Release|Any CPU
		{2FAA858F-C87B-44BA-A074-0028E2F75C82}.Release|Any CPU.Build.0 = Release|Any CPU
		{2FAA858F-C87B-44BA-A074-0028E2F75C82}.Release|x64.ActiveCfg = Release|Any CPU
		{2FAA858F-C87B-44BA-A074-0028E2F75C82}.Release|x64.Build.0 = Release|Any CPU
		{2FAA858F-C87B-44BA-A074-0028E2F75C82}.Release|x86.ActiveCfg = Release|Any CPU
		{2FAA858F-C87B-44BA-A074-0028E2F75C82}.Release|x86.Build.0 = Release|Any CPU
		{A6C7B93E-4C00-4CFB-8D81-106667689DB6}.Debug|Any CPU.ActiveCfg = Debug|Any CPU
		{A6C7B93E-4C00-4CFB-8D81-106667689DB6}.Debug|Any CPU.Build.0 = Debug|Any CPU
		{A6C7B93E-4C00-4CFB-8D81-106667689DB6}.Debug|x64.ActiveCfg = Debug|Any CPU
		{A6C7B93E-4C00-4CFB-8D81-106667689DB6}.Debug|x64.Build.0 = Debug|Any CPU
		{A6C7B93E-4C00-4CFB-8D81-106667689DB6}.Debug|x86.ActiveCfg = Debug|Any CPU
		{A6C7B93E-4C00-4CFB-8D81-106667689DB6}.Debug|x86.Build.0 = Debug|Any CPU
		{A6C7B93E-4C00-4CFB-8D81-106667689DB6}.Release|Any CPU.ActiveCfg = Release|Any CPU
		{A6C7B93E-4C00-4CFB-8D81-106667689DB6}.Release|Any CPU.Build.0 = Release|Any CPU
		{A6C7B93E-4C00-4CFB-8D81-106667689DB6}.Release|x64.ActiveCfg = Release|Any CPU
		{A6C7B93E-4C00-4CFB-8D81-106667689DB6}.Release|x64.Build.0 = Release|Any CPU
		{A6C7B93E-4C00-4CFB-8D81-106667689DB6}.Release|x86.ActiveCfg = Release|Any CPU
		{A6C7B93E-4C00-4CFB-8D81-106667689DB6}.Release|x86.Build.0 = Release|Any CPU
		{0C39801C-141A-40FF-ABFC-08D50AB44296}.Debug|Any CPU.ActiveCfg = Debug|Any CPU
		{0C39801C-141A-40FF-ABFC-08D50AB44296}.Debug|Any CPU.Build.0 = Debug|Any CPU
		{0C39801C-141A-40FF-ABFC-08D50AB44296}.Debug|x64.ActiveCfg = Debug|Any CPU
		{0C39801C-141A-40FF-ABFC-08D50AB44296}.Debug|x64.Build.0 = Debug|Any CPU
		{0C39801C-141A-40FF-ABFC-08D50AB44296}.Debug|x86.ActiveCfg = Debug|Any CPU
		{0C39801C-141A-40FF-ABFC-08D50AB44296}.Debug|x86.Build.0 = Debug|Any CPU
		{0C39801C-141A-40FF-ABFC-08D50AB44296}.Release|Any CPU.ActiveCfg = Release|Any CPU
		{0C39801C-141A-40FF-ABFC-08D50AB44296}.Release|Any CPU.Build.0 = Release|Any CPU
		{0C39801C-141A-40FF-ABFC-08D50AB44296}.Release|x64.ActiveCfg = Release|Any CPU
		{0C39801C-141A-40FF-ABFC-08D50AB44296}.Release|x64.Build.0 = Release|Any CPU
		{0C39801C-141A-40FF-ABFC-08D50AB44296}.Release|x86.ActiveCfg = Release|Any CPU
		{0C39801C-141A-40FF-ABFC-08D50AB44296}.Release|x86.Build.0 = Release|Any CPU
		{550284E9-E05D-44CE-B9D8-7F71980A7416}.Debug|Any CPU.ActiveCfg = Debug|Any CPU
		{550284E9-E05D-44CE-B9D8-7F71980A7416}.Debug|Any CPU.Build.0 = Debug|Any CPU
		{550284E9-E05D-44CE-B9D8-7F71980A7416}.Debug|x64.ActiveCfg = Debug|Any CPU
		{550284E9-E05D-44CE-B9D8-7F71980A7416}.Debug|x64.Build.0 = Debug|Any CPU
		{550284E9-E05D-44CE-B9D8-7F71980A7416}.Debug|x86.ActiveCfg = Debug|Any CPU
		{550284E9-E05D-44CE-B9D8-7F71980A7416}.Debug|x86.Build.0 = Debug|Any CPU
		{550284E9-E05D-44CE-B9D8-7F71980A7416}.Release|Any CPU.ActiveCfg = Release|Any CPU
		{550284E9-E05D-44CE-B9D8-7F71980A7416}.Release|Any CPU.Build.0 = Release|Any CPU
		{550284E9-E05D-44CE-B9D8-7F71980A7416}.Release|x64.ActiveCfg = Release|Any CPU
		{550284E9-E05D-44CE-B9D8-7F71980A7416}.Release|x64.Build.0 = Release|Any CPU
		{550284E9-E05D-44CE-B9D8-7F71980A7416}.Release|x86.ActiveCfg = Release|Any CPU
		{550284E9-E05D-44CE-B9D8-7F71980A7416}.Release|x86.Build.0 = Release|Any CPU
	EndGlobalSection
	GlobalSection(SolutionProperties) = preSolution
		HideSolutionNode = FALSE
	EndGlobalSection
	GlobalSection(NestedProjects) = preSolution
		{AB60D78E-35EA-4B04-A098-0512DA9B6FEB} = {8C2001BC-BCBD-432C-8B9A-C15246C78D99}
		{D49B015B-AEB2-46EE-AC3D-FF3308BD776B} = {8C2001BC-BCBD-432C-8B9A-C15246C78D99}
		{3498DADF-EC81-4818-8301-FCB65D9DC2A1} = {8C2001BC-BCBD-432C-8B9A-C15246C78D99}
		{301D7C6B-B9A7-4F43-9ECA-330E6EE9E152} = {B6D3298C-65C1-44C9-9CC3-630EBEB5CABC}
		{2FAA858F-C87B-44BA-A074-0028E2F75C82} = {B6D3298C-65C1-44C9-9CC3-630EBEB5CABC}
		{A6C7B93E-4C00-4CFB-8D81-106667689DB6} = {8C2001BC-BCBD-432C-8B9A-C15246C78D99}
		{0C39801C-141A-40FF-ABFC-08D50AB44296} = {8C2001BC-BCBD-432C-8B9A-C15246C78D99}
		{550284E9-E05D-44CE-B9D8-7F71980A7416} = {8C2001BC-BCBD-432C-8B9A-C15246C78D99}
	EndGlobalSection
	GlobalSection(ExtensibilityGlobals) = postSolution
		SolutionGuid = {D1B54707-A75A-4E6F-A41C-B5A7485169F6}
	EndGlobalSection
EndGlobal
